// !$*UTF8*$!
{
	archiveVersion = 1;
	classes = {
	};
	objectVersion = 77;
	objects = {

/* Begin PBXBuildFile section */
		1FA14C952CF0A33E001C5949 /* SDWebImage in Frameworks */ = {isa = PBXBuildFile; productRef = 1FA14C942CF0A33E001C5949 /* SDWebImage */; };
		1FBDD1632CF4923D00223819 /* Assets.xcassets in Resources */ = {isa = PBXBuildFile; fileRef = 1FBDD12C2CF4923D00223819 /* Assets.xcassets */; };
		1FBDD1642CF4923D00223819 /* AboutView.storyboard in Resources */ = {isa = PBXBuildFile; fileRef = 1FBDD13A2CF4923D00223819 /* AboutView.storyboard */; };
		1FBDD1652CF4923D00223819 /* DetailsView.storyboard in Resources */ = {isa = PBXBuildFile; fileRef = 1FBDD13F2CF4923D00223819 /* DetailsView.storyboard */; };
		1FBDD1662CF4923D00223819 /* CustomSegment.xib in Resources */ = {isa = PBXBuildFile; fileRef = 1FBDD1472CF4923D00223819 /* CustomSegment.xib */; };
		1FBDD1672CF4923D00223819 /* FeedView.storyboard in Resources */ = {isa = PBXBuildFile; fileRef = 1FBDD14C2CF4923D00223819 /* FeedView.storyboard */; };
		1FBDD1682CF4923D00223819 /* LaunchScreen.storyboard in Resources */ = {isa = PBXBuildFile; fileRef = 1FBDD1502CF4923D00223819 /* LaunchScreen.storyboard */; };
		1FBDD1692CF4923D00223819 /* Main.storyboard in Resources */ = {isa = PBXBuildFile; fileRef = 1FBDD1572CF4923D00223819 /* Main.storyboard */; };
		1FBDD16A2CF4923D00223819 /* MenuView.storyboard in Resources */ = {isa = PBXBuildFile; fileRef = 1FBDD15D2CF4923D00223819 /* MenuView.storyboard */; };
		1FBDD16C2CF4923D00223819 /* AppDelegate.swift in Sources */ = {isa = PBXBuildFile; fileRef = 1FBDD1292CF4923D00223819 /* AppDelegate.swift */; };
		1FBDD16D2CF4923D00223819 /* SceneDelegate.swift in Sources */ = {isa = PBXBuildFile; fileRef = 1FBDD12A2CF4923D00223819 /* SceneDelegate.swift */; };
		1FBDD16E2CF4923D00223819 /* Data+Extension.swift in Sources */ = {isa = PBXBuildFile; fileRef = 1FBDD12E2CF4923D00223819 /* Data+Extension.swift */; };
		1FBDD16F2CF4923D00223819 /* UITextField+Extension.swift in Sources */ = {isa = PBXBuildFile; fileRef = 1FBDD12F2CF4923D00223819 /* UITextField+Extension.swift */; };
		1FBDD1702CF4923D00223819 /* UIView+Extension.swift in Sources */ = {isa = PBXBuildFile; fileRef = 1FBDD1302CF4923D00223819 /* UIView+Extension.swift */; };
		1FBDD1712CF4923D00223819 /* SlideRightPresenter.swift in Sources */ = {isa = PBXBuildFile; fileRef = 1FBDD1322CF4923D00223819 /* SlideRightPresenter.swift */; };
		1FBDD1732CF4923D00223819 /* SlideUpTransition.swift in Sources */ = {isa = PBXBuildFile; fileRef = 1FBDD1342CF4923D00223819 /* SlideUpTransition.swift */; };
		1FBDD1742CF4923D00223819 /* AboutController.swift in Sources */ = {isa = PBXBuildFile; fileRef = 1FBDD1372CF4923D00223819 /* AboutController.swift */; };
		1FBDD1752CF4923D00223819 /* DetailsController.swift in Sources */ = {isa = PBXBuildFile; fileRef = 1FBDD13D2CF4923D00223819 /* DetailsController.swift */; };
		1FBDD1762CF4923D00223819 /* FeedCell.swift in Sources */ = {isa = PBXBuildFile; fileRef = 1FBDD1422CF4923D00223819 /* FeedCell.swift */; };
		1FBDD1772CF4923D00223819 /* FeedController.swift in Sources */ = {isa = PBXBuildFile; fileRef = 1FBDD1442CF4923D00223819 /* FeedController.swift */; };
		1FBDD1782CF4923D00223819 /* CustomSegment.swift in Sources */ = {isa = PBXBuildFile; fileRef = 1FBDD1462CF4923D00223819 /* CustomSegment.swift */; };
		1FBDD1792CF4923D00223819 /* APIDTOModel.swift in Sources */ = {isa = PBXBuildFile; fileRef = 1FBDD14A2CF4923D00223819 /* APIDTOModel.swift */; };
		1FBDD17A2CF4923D00223819 /* MainController.swift in Sources */ = {isa = PBXBuildFile; fileRef = 1FBDD1532CF4923D00223819 /* MainController.swift */; };
		1FBDD17B2CF4923D00223819 /* MenuController.swift in Sources */ = {isa = PBXBuildFile; fileRef = 1FBDD15A2CF4923D00223819 /* MenuController.swift */; };
		1FBDD17D2CF4997900223819 /* FeedUIModel.swift in Sources */ = {isa = PBXBuildFile; fileRef = 1FBDD17C2CF4997500223819 /* FeedUIModel.swift */; };
		1FBDD1812CF4B0BC00223819 /* DetailsUIModel.swift in Sources */ = {isa = PBXBuildFile; fileRef = 1FBDD1802CF4B0B600223819 /* DetailsUIModel.swift */; };
/* End PBXBuildFile section */

/* Begin PBXFileReference section */
		1F55A9EC2CEC928900DEA6DF /* news-feed.app */ = {isa = PBXFileReference; explicitFileType = wrapper.application; includeInIndex = 0; path = "news-feed.app"; sourceTree = BUILT_PRODUCTS_DIR; };
		1FBDD1292CF4923D00223819 /* AppDelegate.swift */ = {isa = PBXFileReference; lastKnownFileType = sourcecode.swift; path = AppDelegate.swift; sourceTree = "<group>"; };
		1FBDD12A2CF4923D00223819 /* SceneDelegate.swift */ = {isa = PBXFileReference; lastKnownFileType = sourcecode.swift; path = SceneDelegate.swift; sourceTree = "<group>"; };
		1FBDD12C2CF4923D00223819 /* Assets.xcassets */ = {isa = PBXFileReference; lastKnownFileType = folder.assetcatalog; path = Assets.xcassets; sourceTree = "<group>"; };
		1FBDD12E2CF4923D00223819 /* Data+Extension.swift */ = {isa = PBXFileReference; lastKnownFileType = sourcecode.swift; path = "Data+Extension.swift"; sourceTree = "<group>"; };
		1FBDD12F2CF4923D00223819 /* UITextField+Extension.swift */ = {isa = PBXFileReference; lastKnownFileType = sourcecode.swift; path = "UITextField+Extension.swift"; sourceTree = "<group>"; };
		1FBDD1302CF4923D00223819 /* UIView+Extension.swift */ = {isa = PBXFileReference; lastKnownFileType = sourcecode.swift; path = "UIView+Extension.swift"; sourceTree = "<group>"; };
		1FBDD1322CF4923D00223819 /* SlideRightPresenter.swift */ = {isa = PBXFileReference; lastKnownFileType = sourcecode.swift; path = SlideRightPresenter.swift; sourceTree = "<group>"; };
		1FBDD1342CF4923D00223819 /* SlideUpTransition.swift */ = {isa = PBXFileReference; lastKnownFileType = sourcecode.swift; path = SlideUpTransition.swift; sourceTree = "<group>"; };
		1FBDD1372CF4923D00223819 /* AboutController.swift */ = {isa = PBXFileReference; lastKnownFileType = sourcecode.swift; path = AboutController.swift; sourceTree = "<group>"; };
		1FBDD13A2CF4923D00223819 /* AboutView.storyboard */ = {isa = PBXFileReference; lastKnownFileType = file.storyboard; path = AboutView.storyboard; sourceTree = "<group>"; };
		1FBDD13D2CF4923D00223819 /* DetailsController.swift */ = {isa = PBXFileReference; lastKnownFileType = sourcecode.swift; path = DetailsController.swift; sourceTree = "<group>"; };
		1FBDD13F2CF4923D00223819 /* DetailsView.storyboard */ = {isa = PBXFileReference; lastKnownFileType = file.storyboard; path = DetailsView.storyboard; sourceTree = "<group>"; };
		1FBDD1422CF4923D00223819 /* FeedCell.swift */ = {isa = PBXFileReference; lastKnownFileType = sourcecode.swift; path = FeedCell.swift; sourceTree = "<group>"; };
		1FBDD1442CF4923D00223819 /* FeedController.swift */ = {isa = PBXFileReference; lastKnownFileType = sourcecode.swift; path = FeedController.swift; sourceTree = "<group>"; };
		1FBDD1462CF4923D00223819 /* CustomSegment.swift */ = {isa = PBXFileReference; lastKnownFileType = sourcecode.swift; path = CustomSegment.swift; sourceTree = "<group>"; };
		1FBDD1472CF4923D00223819 /* CustomSegment.xib */ = {isa = PBXFileReference; lastKnownFileType = file.xib; path = CustomSegment.xib; sourceTree = "<group>"; };
		1FBDD14A2CF4923D00223819 /* APIDTOModel.swift */ = {isa = PBXFileReference; lastKnownFileType = sourcecode.swift; path = APIDTOModel.swift; sourceTree = "<group>"; };
		1FBDD14C2CF4923D00223819 /* FeedView.storyboard */ = {isa = PBXFileReference; lastKnownFileType = file.storyboard; path = FeedView.storyboard; sourceTree = "<group>"; };
		1FBDD14F2CF4923D00223819 /* Base */ = {isa = PBXFileReference; lastKnownFileType = file.storyboard; name = Base; path = Base.lproj/LaunchScreen.storyboard; sourceTree = "<group>"; };
		1FBDD1532CF4923D00223819 /* MainController.swift */ = {isa = PBXFileReference; lastKnownFileType = sourcecode.swift; path = MainController.swift; sourceTree = "<group>"; };
		1FBDD1562CF4923D00223819 /* Base */ = {isa = PBXFileReference; lastKnownFileType = file.storyboard; name = Base; path = Base.lproj/Main.storyboard; sourceTree = "<group>"; };
		1FBDD15A2CF4923D00223819 /* MenuController.swift */ = {isa = PBXFileReference; lastKnownFileType = sourcecode.swift; path = MenuController.swift; sourceTree = "<group>"; };
		1FBDD15D2CF4923D00223819 /* MenuView.storyboard */ = {isa = PBXFileReference; lastKnownFileType = file.storyboard; path = MenuView.storyboard; sourceTree = "<group>"; };
		1FBDD1612CF4923D00223819 /* Info.plist */ = {isa = PBXFileReference; lastKnownFileType = text.plist.xml; path = Info.plist; sourceTree = "<group>"; };
		1FBDD17C2CF4997500223819 /* FeedUIModel.swift */ = {isa = PBXFileReference; lastKnownFileType = sourcecode.swift; path = FeedUIModel.swift; sourceTree = "<group>"; };
		1FBDD1802CF4B0B600223819 /* DetailsUIModel.swift */ = {isa = PBXFileReference; lastKnownFileType = sourcecode.swift; path = DetailsUIModel.swift; sourceTree = "<group>"; };
/* End PBXFileReference section */

/* Begin PBXFrameworksBuildPhase section */
		1F55A9E92CEC928900DEA6DF /* Frameworks */ = {
			isa = PBXFrameworksBuildPhase;
			buildActionMask = 2147483647;
			files = (
				1FA14C952CF0A33E001C5949 /* SDWebImage in Frameworks */,
			);
			runOnlyForDeploymentPostprocessing = 0;
		};
/* End PBXFrameworksBuildPhase section */

/* Begin PBXGroup section */
		1F55A9E32CEC928900DEA6DF = {
			isa = PBXGroup;
			children = (
				1FBDD1622CF4923D00223819 /* news-feed */,
				1F55A9ED2CEC928900DEA6DF /* Products */,
			);
			sourceTree = "<group>";
		};
		1F55A9ED2CEC928900DEA6DF /* Products */ = {
			isa = PBXGroup;
			children = (
				1F55A9EC2CEC928900DEA6DF /* news-feed.app */,
			);
			name = Products;
			sourceTree = "<group>";
		};
		1FBDD12B2CF4923D00223819 /* App Delegate */ = {
			isa = PBXGroup;
			children = (
				1FBDD1292CF4923D00223819 /* AppDelegate.swift */,
				1FBDD12A2CF4923D00223819 /* SceneDelegate.swift */,
			);
			path = "App Delegate";
			sourceTree = "<group>";
		};
		1FBDD12D2CF4923D00223819 /* Assets */ = {
			isa = PBXGroup;
			children = (
				1FBDD12C2CF4923D00223819 /* Assets.xcassets */,
			);
			path = Assets;
			sourceTree = "<group>";
		};
		1FBDD1312CF4923D00223819 /* Extensions */ = {
			isa = PBXGroup;
			children = (
				1FBDD12E2CF4923D00223819 /* Data+Extension.swift */,
				1FBDD12F2CF4923D00223819 /* UITextField+Extension.swift */,
				1FBDD1302CF4923D00223819 /* UIView+Extension.swift */,
			);
			path = Extensions;
			sourceTree = "<group>";
		};
		1FBDD1352CF4923D00223819 /* Presentation+Transition */ = {
			isa = PBXGroup;
			children = (
				1FBDD1322CF4923D00223819 /* SlideRightPresenter.swift */,
				1FBDD1342CF4923D00223819 /* SlideUpTransition.swift */,
			);
			path = "Presentation+Transition";
			sourceTree = "<group>";
		};
		1FBDD1362CF4923D00223819 /* Globals */ = {
			isa = PBXGroup;
			children = (
				1FBDD1312CF4923D00223819 /* Extensions */,
				1FBDD1352CF4923D00223819 /* Presentation+Transition */,
			);
			path = Globals;
			sourceTree = "<group>";
		};
		1FBDD1382CF4923D00223819 /* Controller */ = {
			isa = PBXGroup;
			children = (
				1FBDD1372CF4923D00223819 /* AboutController.swift */,
			);
			path = Controller;
			sourceTree = "<group>";
		};
		1FBDD13B2CF4923D00223819 /* View */ = {
			isa = PBXGroup;
			children = (
				1FBDD13A2CF4923D00223819 /* AboutView.storyboard */,
			);
			path = View;
			sourceTree = "<group>";
		};
		1FBDD13C2CF4923D00223819 /* About */ = {
			isa = PBXGroup;
			children = (
				1FBDD13B2CF4923D00223819 /* View */,
				1FBDD1382CF4923D00223819 /* Controller */,
			);
			path = About;
			sourceTree = "<group>";
		};
		1FBDD13E2CF4923D00223819 /* Controller */ = {
			isa = PBXGroup;
			children = (
				1FBDD13D2CF4923D00223819 /* DetailsController.swift */,
			);
			path = Controller;
			sourceTree = "<group>";
		};
		1FBDD1402CF4923D00223819 /* View */ = {
			isa = PBXGroup;
			children = (
				1FBDD13F2CF4923D00223819 /* DetailsView.storyboard */,
			);
			path = View;
			sourceTree = "<group>";
		};
		1FBDD1412CF4923D00223819 /* Details */ = {
			isa = PBXGroup;
			children = (
				1FBDD1402CF4923D00223819 /* View */,
				1FBDD13E2CF4923D00223819 /* Controller */,
			);
			path = Details;
			sourceTree = "<group>";
		};
		1FBDD1432CF4923D00223819 /* CollectionViewCell */ = {
			isa = PBXGroup;
			children = (
				1FBDD1422CF4923D00223819 /* FeedCell.swift */,
			);
			path = CollectionViewCell;
			sourceTree = "<group>";
		};
		1FBDD1452CF4923D00223819 /* Controller */ = {
			isa = PBXGroup;
			children = (
				1FBDD1442CF4923D00223819 /* FeedController.swift */,
			);
			path = Controller;
			sourceTree = "<group>";
		};
		1FBDD1482CF4923D00223819 /* Segment */ = {
			isa = PBXGroup;
			children = (
				1FBDD1462CF4923D00223819 /* CustomSegment.swift */,
				1FBDD1472CF4923D00223819 /* CustomSegment.xib */,
			);
			path = Segment;
			sourceTree = "<group>";
		};
		1FBDD1492CF4923D00223819 /* Custom View */ = {
			isa = PBXGroup;
			children = (
				1FBDD1482CF4923D00223819 /* Segment */,
			);
			path = "Custom View";
			sourceTree = "<group>";
		};
		1FBDD14B2CF4923D00223819 /* Model */ = {
			isa = PBXGroup;
			children = (
				1FBDD1802CF4B0B600223819 /* DetailsUIModel.swift */,
				1FBDD17C2CF4997500223819 /* FeedUIModel.swift */,
				1FBDD14A2CF4923D00223819 /* APIDTOModel.swift */,
			);
			path = Model;
			sourceTree = "<group>";
		};
		1FBDD14D2CF4923D00223819 /* View */ = {
			isa = PBXGroup;
			children = (
				1FBDD14C2CF4923D00223819 /* FeedView.storyboard */,
				1FBDD1432CF4923D00223819 /* CollectionViewCell */,
				1FBDD1492CF4923D00223819 /* Custom View */,
			);
			path = View;
			sourceTree = "<group>";
		};
		1FBDD14E2CF4923D00223819 /* Feed */ = {
			isa = PBXGroup;
			children = (
				1FBDD14B2CF4923D00223819 /* Model */,
				1FBDD14D2CF4923D00223819 /* View */,
				1FBDD1452CF4923D00223819 /* Controller */,
			);
			path = Feed;
			sourceTree = "<group>";
		};
		1FBDD1512CF4923D00223819 /* View */ = {
			isa = PBXGroup;
			children = (
				1FBDD1502CF4923D00223819 /* LaunchScreen.storyboard */,
			);
			path = View;
			sourceTree = "<group>";
		};
		1FBDD1522CF4923D00223819 /* Launch */ = {
			isa = PBXGroup;
			children = (
				1FBDD1512CF4923D00223819 /* View */,
			);
			path = Launch;
			sourceTree = "<group>";
		};
		1FBDD1542CF4923D00223819 /* Controller */ = {
			isa = PBXGroup;
			children = (
				1FBDD1532CF4923D00223819 /* MainController.swift */,
			);
			path = Controller;
			sourceTree = "<group>";
		};
		1FBDD1582CF4923D00223819 /* View */ = {
			isa = PBXGroup;
			children = (
				1FBDD1572CF4923D00223819 /* Main.storyboard */,
			);
			path = View;
			sourceTree = "<group>";
		};
		1FBDD1592CF4923D00223819 /* Main */ = {
			isa = PBXGroup;
			children = (
				1FBDD1582CF4923D00223819 /* View */,
				1FBDD1542CF4923D00223819 /* Controller */,
			);
			path = Main;
			sourceTree = "<group>";
		};
		1FBDD15B2CF4923D00223819 /* Controller */ = {
			isa = PBXGroup;
			children = (
				1FBDD15A2CF4923D00223819 /* MenuController.swift */,
			);
			path = Controller;
			sourceTree = "<group>";
		};
		1FBDD15E2CF4923D00223819 /* View */ = {
			isa = PBXGroup;
			children = (
				1FBDD15D2CF4923D00223819 /* MenuView.storyboard */,
			);
			path = View;
			sourceTree = "<group>";
		};
		1FBDD15F2CF4923D00223819 /* Menu */ = {
			isa = PBXGroup;
			children = (
				1FBDD15E2CF4923D00223819 /* View */,
				1FBDD15B2CF4923D00223819 /* Controller */,
			);
			path = Menu;
			sourceTree = "<group>";
		};
		1FBDD1602CF4923D00223819 /* Screens */ = {
			isa = PBXGroup;
			children = (
				1FBDD13C2CF4923D00223819 /* About */,
				1FBDD1412CF4923D00223819 /* Details */,
				1FBDD14E2CF4923D00223819 /* Feed */,
				1FBDD1522CF4923D00223819 /* Launch */,
				1FBDD1592CF4923D00223819 /* Main */,
				1FBDD15F2CF4923D00223819 /* Menu */,
			);
			path = Screens;
			sourceTree = "<group>";
		};
		1FBDD1622CF4923D00223819 /* news-feed */ = {
			isa = PBXGroup;
			children = (
				1FBDD12B2CF4923D00223819 /* App Delegate */,
				1FBDD12D2CF4923D00223819 /* Assets */,
				1FBDD1362CF4923D00223819 /* Globals */,
				1FBDD1602CF4923D00223819 /* Screens */,
				1FBDD1612CF4923D00223819 /* Info.plist */,
			);
			path = "news-feed";
			sourceTree = "<group>";
		};
/* End PBXGroup section */

/* Begin PBXNativeTarget section */
		1F55A9EB2CEC928900DEA6DF /* news-feed */ = {
			isa = PBXNativeTarget;
			buildConfigurationList = 1F55A9FF2CEC928B00DEA6DF /* Build configuration list for PBXNativeTarget "news-feed" */;
			buildPhases = (
				1F55A9E82CEC928900DEA6DF /* Sources */,
				1F55A9E92CEC928900DEA6DF /* Frameworks */,
				1F55A9EA2CEC928900DEA6DF /* Resources */,
			);
			buildRules = (
			);
			dependencies = (
			);
			name = "news-feed";
			packageProductDependencies = (
				1FA14C942CF0A33E001C5949 /* SDWebImage */,
			);
			productName = "news-feed";
			productReference = 1F55A9EC2CEC928900DEA6DF /* news-feed.app */;
			productType = "com.apple.product-type.application";
		};
/* End PBXNativeTarget section */

/* Begin PBXProject section */
		1F55A9E42CEC928900DEA6DF /* Project object */ = {
			isa = PBXProject;
			attributes = {
				BuildIndependentTargetsInParallel = 1;
				LastSwiftUpdateCheck = 1610;
				LastUpgradeCheck = 1610;
				ORGANIZATIONNAME = "Nijat Hamid";
				TargetAttributes = {
					1F55A9EB2CEC928900DEA6DF = {
						CreatedOnToolsVersion = 16.1;
					};
				};
			};
			buildConfigurationList = 1F55A9E72CEC928900DEA6DF /* Build configuration list for PBXProject "news-feed" */;
			developmentRegion = en;
			hasScannedForEncodings = 0;
			knownRegions = (
				en,
				Base,
			);
			mainGroup = 1F55A9E32CEC928900DEA6DF;
			minimizedProjectReferenceProxies = 1;
			packageReferences = (
				1FA14C932CF0A33E001C5949 /* XCRemoteSwiftPackageReference "SDWebImage" */,
			);
			preferredProjectObjectVersion = 77;
			productRefGroup = 1F55A9ED2CEC928900DEA6DF /* Products */;
			projectDirPath = "";
			projectRoot = "";
			targets = (
				1F55A9EB2CEC928900DEA6DF /* news-feed */,
			);
		};
/* End PBXProject section */

/* Begin PBXResourcesBuildPhase section */
		1F55A9EA2CEC928900DEA6DF /* Resources */ = {
			isa = PBXResourcesBuildPhase;
			buildActionMask = 2147483647;
			files = (
				1FBDD1632CF4923D00223819 /* Assets.xcassets in Resources */,
				1FBDD1642CF4923D00223819 /* AboutView.storyboard in Resources */,
				1FBDD1652CF4923D00223819 /* DetailsView.storyboard in Resources */,
				1FBDD1662CF4923D00223819 /* CustomSegment.xib in Resources */,
				1FBDD1672CF4923D00223819 /* FeedView.storyboard in Resources */,
				1FBDD1682CF4923D00223819 /* LaunchScreen.storyboard in Resources */,
				1FBDD1692CF4923D00223819 /* Main.storyboard in Resources */,
				1FBDD16A2CF4923D00223819 /* MenuView.storyboard in Resources */,
			);
			runOnlyForDeploymentPostprocessing = 0;
		};
/* End PBXResourcesBuildPhase section */

/* Begin PBXSourcesBuildPhase section */
		1F55A9E82CEC928900DEA6DF /* Sources */ = {
			isa = PBXSourcesBuildPhase;
			buildActionMask = 2147483647;
			files = (
				1FBDD16C2CF4923D00223819 /* AppDelegate.swift in Sources */,
				1FBDD16D2CF4923D00223819 /* SceneDelegate.swift in Sources */,
				1FBDD16E2CF4923D00223819 /* Data+Extension.swift in Sources */,
				1FBDD16F2CF4923D00223819 /* UITextField+Extension.swift in Sources */,
				1FBDD1812CF4B0BC00223819 /* DetailsUIModel.swift in Sources */,
				1FBDD1702CF4923D00223819 /* UIView+Extension.swift in Sources */,
				1FBDD17D2CF4997900223819 /* FeedUIModel.swift in Sources */,
				1FBDD1712CF4923D00223819 /* SlideRightPresenter.swift in Sources */,
				1FBDD1732CF4923D00223819 /* SlideUpTransition.swift in Sources */,
				1FBDD1742CF4923D00223819 /* AboutController.swift in Sources */,
				1FBDD1752CF4923D00223819 /* DetailsController.swift in Sources */,
				1FBDD1762CF4923D00223819 /* FeedCell.swift in Sources */,
				1FBDD1772CF4923D00223819 /* FeedController.swift in Sources */,
				1FBDD1782CF4923D00223819 /* CustomSegment.swift in Sources */,
				1FBDD1792CF4923D00223819 /* APIDTOModel.swift in Sources */,
				1FBDD17A2CF4923D00223819 /* MainController.swift in Sources */,
				1FBDD17B2CF4923D00223819 /* MenuController.swift in Sources */,
			);
			runOnlyForDeploymentPostprocessing = 0;
		};
/* End PBXSourcesBuildPhase section */

/* Begin PBXVariantGroup section */
		1FBDD1502CF4923D00223819 /* LaunchScreen.storyboard */ = {
			isa = PBXVariantGroup;
			children = (
				1FBDD14F2CF4923D00223819 /* Base */,
			);
			name = LaunchScreen.storyboard;
			sourceTree = "<group>";
		};
		1FBDD1572CF4923D00223819 /* Main.storyboard */ = {
			isa = PBXVariantGroup;
			children = (
				1FBDD1562CF4923D00223819 /* Base */,
			);
			name = Main.storyboard;
			sourceTree = "<group>";
		};
/* End PBXVariantGroup section */

/* Begin XCBuildConfiguration section */
		1F55AA002CEC928B00DEA6DF /* Debug */ = {
			isa = XCBuildConfiguration;
			buildSettings = {
				ASSETCATALOG_COMPILER_APPICON_NAME = AppIcon;
				ASSETCATALOG_COMPILER_GLOBAL_ACCENT_COLOR_NAME = AccentColor;
				ASSETCATALOG_COMPILER_INCLUDE_ALL_APPICON_ASSETS = YES;
				CODE_SIGN_STYLE = Automatic;
				CURRENT_PROJECT_VERSION = 1;
				GENERATE_INFOPLIST_FILE = YES;
				INFOPLIST_FILE = "news-feed/Info.plist";
				INFOPLIST_KEY_CFBundleDisplayName = "News Feed";
				INFOPLIST_KEY_LSApplicationCategoryType = "public.app-category.news";
				INFOPLIST_KEY_UIApplicationSupportsIndirectInputEvents = YES;
				INFOPLIST_KEY_UILaunchStoryboardName = LaunchScreen;
				INFOPLIST_KEY_UIMainStoryboardFile = Main;
				INFOPLIST_KEY_UISupportedInterfaceOrientations = UIInterfaceOrientationPortrait;
				LD_RUNPATH_SEARCH_PATHS = (
					"$(inherited)",
					"@executable_path/Frameworks",
				);
				MARKETING_VERSION = 1.0;
				PRODUCT_BUNDLE_IDENTIFIER = "com.nijathamid.news-feed";
				PRODUCT_NAME = "$(TARGET_NAME)";
				SUPPORTED_PLATFORMS = "iphoneos iphonesimulator";
				SUPPORTS_MACCATALYST = NO;
				SUPPORTS_MAC_DESIGNED_FOR_IPHONE_IPAD = NO;
				SUPPORTS_XR_DESIGNED_FOR_IPHONE_IPAD = NO;
				SWIFT_EMIT_LOC_STRINGS = YES;
				SWIFT_VERSION = 5.0;
				TARGETED_DEVICE_FAMILY = 1;
			};
			name = Debug;
		};
		1F55AA012CEC928B00DEA6DF /* Release */ = {
			isa = XCBuildConfiguration;
			buildSettings = {
				ASSETCATALOG_COMPILER_APPICON_NAME = AppIcon;
				ASSETCATALOG_COMPILER_GLOBAL_ACCENT_COLOR_NAME = AccentColor;
				ASSETCATALOG_COMPILER_INCLUDE_ALL_APPICON_ASSETS = YES;
				CODE_SIGN_STYLE = Automatic;
				CURRENT_PROJECT_VERSION = 1;
				GENERATE_INFOPLIST_FILE = YES;
				INFOPLIST_FILE = "news-feed/Info.plist";
				INFOPLIST_KEY_CFBundleDisplayName = "News Feed";
				INFOPLIST_KEY_LSApplicationCategoryType = "public.app-category.news";
				INFOPLIST_KEY_UIApplicationSupportsIndirectInputEvents = YES;
				INFOPLIST_KEY_UILaunchStoryboardName = LaunchScreen;
				INFOPLIST_KEY_UIMainStoryboardFile = Main;
				INFOPLIST_KEY_UISupportedInterfaceOrientations = UIInterfaceOrientationPortrait;
				LD_RUNPATH_SEARCH_PATHS = (
					"$(inherited)",
					"@executable_path/Frameworks",
				);
				MARKETING_VERSION = 1.0;
				PRODUCT_BUNDLE_IDENTIFIER = "com.nijathamid.news-feed";
				PRODUCT_NAME = "$(TARGET_NAME)";
				SUPPORTED_PLATFORMS = "iphoneos iphonesimulator";
				SUPPORTS_MACCATALYST = NO;
				SUPPORTS_MAC_DESIGNED_FOR_IPHONE_IPAD = NO;
				SUPPORTS_XR_DESIGNED_FOR_IPHONE_IPAD = NO;
				SWIFT_EMIT_LOC_STRINGS = YES;
				SWIFT_VERSION = 5.0;
				TARGETED_DEVICE_FAMILY = 1;
			};
			name = Release;
		};
		1F55AA022CEC928B00DEA6DF /* Debug */ = {
			isa = XCBuildConfiguration;
			buildSettings = {
				ALWAYS_SEARCH_USER_PATHS = NO;
				ASSETCATALOG_COMPILER_GENERATE_SWIFT_ASSET_SYMBOL_EXTENSIONS = YES;
				CLANG_ANALYZER_NONNULL = YES;
				CLANG_ANALYZER_NUMBER_OBJECT_CONVERSION = YES_AGGRESSIVE;
				CLANG_CXX_LANGUAGE_STANDARD = "gnu++20";
				CLANG_ENABLE_MODULES = YES;
				CLANG_ENABLE_OBJC_ARC = YES;
				CLANG_ENABLE_OBJC_WEAK = YES;
				CLANG_WARN_BLOCK_CAPTURE_AUTORELEASING = YES;
				CLANG_WARN_BOOL_CONVERSION = YES;
				CLANG_WARN_COMMA = YES;
				CLANG_WARN_CONSTANT_CONVERSION = YES;
				CLANG_WARN_DEPRECATED_OBJC_IMPLEMENTATIONS = YES;
				CLANG_WARN_DIRECT_OBJC_ISA_USAGE = YES_ERROR;
				CLANG_WARN_DOCUMENTATION_COMMENTS = YES;
				CLANG_WARN_EMPTY_BODY = YES;
				CLANG_WARN_ENUM_CONVERSION = YES;
				CLANG_WARN_INFINITE_RECURSION = YES;
				CLANG_WARN_INT_CONVERSION = YES;
				CLANG_WARN_NON_LITERAL_NULL_CONVERSION = YES;
				CLANG_WARN_OBJC_IMPLICIT_RETAIN_SELF = YES;
				CLANG_WARN_OBJC_LITERAL_CONVERSION = YES;
				CLANG_WARN_OBJC_ROOT_CLASS = YES_ERROR;
				CLANG_WARN_QUOTED_INCLUDE_IN_FRAMEWORK_HEADER = YES;
				CLANG_WARN_RANGE_LOOP_ANALYSIS = YES;
				CLANG_WARN_STRICT_PROTOTYPES = YES;
				CLANG_WARN_SUSPICIOUS_MOVE = YES;
				CLANG_WARN_UNGUARDED_AVAILABILITY = YES_AGGRESSIVE;
				CLANG_WARN_UNREACHABLE_CODE = YES;
				CLANG_WARN__DUPLICATE_METHOD_MATCH = YES;
				COPY_PHASE_STRIP = NO;
				DEBUG_INFORMATION_FORMAT = dwarf;
				ENABLE_STRICT_OBJC_MSGSEND = YES;
				ENABLE_TESTABILITY = YES;
				ENABLE_USER_SCRIPT_SANDBOXING = YES;
				GCC_C_LANGUAGE_STANDARD = gnu17;
				GCC_DYNAMIC_NO_PIC = NO;
				GCC_NO_COMMON_BLOCKS = YES;
				GCC_OPTIMIZATION_LEVEL = 0;
				GCC_PREPROCESSOR_DEFINITIONS = (
					"DEBUG=1",
					"$(inherited)",
				);
				GCC_WARN_64_TO_32_BIT_CONVERSION = YES;
				GCC_WARN_ABOUT_RETURN_TYPE = YES_ERROR;
				GCC_WARN_UNDECLARED_SELECTOR = YES;
				GCC_WARN_UNINITIALIZED_AUTOS = YES_AGGRESSIVE;
				GCC_WARN_UNUSED_FUNCTION = YES;
				GCC_WARN_UNUSED_VARIABLE = YES;
				IPHONEOS_DEPLOYMENT_TARGET = 18.1;
				LOCALIZATION_PREFERS_STRING_CATALOGS = YES;
				MTL_ENABLE_DEBUG_INFO = INCLUDE_SOURCE;
				MTL_FAST_MATH = YES;
				ONLY_ACTIVE_ARCH = YES;
				SDKROOT = iphoneos;
				SWIFT_ACTIVE_COMPILATION_CONDITIONS = "DEBUG $(inherited)";
				SWIFT_OPTIMIZATION_LEVEL = "-Onone";
			};
			name = Debug;
		};
		1F55AA032CEC928B00DEA6DF /* Release */ = {
			isa = XCBuildConfiguration;
			buildSettings = {
				ALWAYS_SEARCH_USER_PATHS = NO;
				ASSETCATALOG_COMPILER_GENERATE_SWIFT_ASSET_SYMBOL_EXTENSIONS = YES;
				CLANG_ANALYZER_NONNULL = YES;
				CLANG_ANALYZER_NUMBER_OBJECT_CONVERSION = YES_AGGRESSIVE;
				CLANG_CXX_LANGUAGE_STANDARD = "gnu++20";
				CLANG_ENABLE_MODULES = YES;
				CLANG_ENABLE_OBJC_ARC = YES;
				CLANG_ENABLE_OBJC_WEAK = YES;
				CLANG_WARN_BLOCK_CAPTURE_AUTORELEASING = YES;
				CLANG_WARN_BOOL_CONVERSION = YES;
				CLANG_WARN_COMMA = YES;
				CLANG_WARN_CONSTANT_CONVERSION = YES;
				CLANG_WARN_DEPRECATED_OBJC_IMPLEMENTATIONS = YES;
				CLANG_WARN_DIRECT_OBJC_ISA_USAGE = YES_ERROR;
				CLANG_WARN_DOCUMENTATION_COMMENTS = YES;
				CLANG_WARN_EMPTY_BODY = YES;
				CLANG_WARN_ENUM_CONVERSION = YES;
				CLANG_WARN_INFINITE_RECURSION = YES;
				CLANG_WARN_INT_CONVERSION = YES;
				CLANG_WARN_NON_LITERAL_NULL_CONVERSION = YES;
				CLANG_WARN_OBJC_IMPLICIT_RETAIN_SELF = YES;
				CLANG_WARN_OBJC_LITERAL_CONVERSION = YES;
				CLANG_WARN_OBJC_ROOT_CLASS = YES_ERROR;
				CLANG_WARN_QUOTED_INCLUDE_IN_FRAMEWORK_HEADER = YES;
				CLANG_WARN_RANGE_LOOP_ANALYSIS = YES;
				CLANG_WARN_STRICT_PROTOTYPES = YES;
				CLANG_WARN_SUSPICIOUS_MOVE = YES;
				CLANG_WARN_UNGUARDED_AVAILABILITY = YES_AGGRESSIVE;
				CLANG_WARN_UNREACHABLE_CODE = YES;
				CLANG_WARN__DUPLICATE_METHOD_MATCH = YES;
				COPY_PHASE_STRIP = NO;
				DEBUG_INFORMATION_FORMAT = "dwarf-with-dsym";
				ENABLE_NS_ASSERTIONS = NO;
				ENABLE_STRICT_OBJC_MSGSEND = YES;
				ENABLE_USER_SCRIPT_SANDBOXING = YES;
				GCC_C_LANGUAGE_STANDARD = gnu17;
				GCC_NO_COMMON_BLOCKS = YES;
				GCC_WARN_64_TO_32_BIT_CONVERSION = YES;
				GCC_WARN_ABOUT_RETURN_TYPE = YES_ERROR;
				GCC_WARN_UNDECLARED_SELECTOR = YES;
				GCC_WARN_UNINITIALIZED_AUTOS = YES_AGGRESSIVE;
				GCC_WARN_UNUSED_FUNCTION = YES;
				GCC_WARN_UNUSED_VARIABLE = YES;
				IPHONEOS_DEPLOYMENT_TARGET = 18.1;
				LOCALIZATION_PREFERS_STRING_CATALOGS = YES;
				MTL_ENABLE_DEBUG_INFO = NO;
				MTL_FAST_MATH = YES;
				SDKROOT = iphoneos;
				SWIFT_COMPILATION_MODE = wholemodule;
				VALIDATE_PRODUCT = YES;
			};
			name = Release;
		};
/* End XCBuildConfiguration section */

/* Begin XCConfigurationList section */
		1F55A9E72CEC928900DEA6DF /* Build configuration list for PBXProject "news-feed" */ = {
			isa = XCConfigurationList;
			buildConfigurations = (
				1F55AA022CEC928B00DEA6DF /* Debug */,
				1F55AA032CEC928B00DEA6DF /* Release */,
			);
			defaultConfigurationIsVisible = 0;
			defaultConfigurationName = Release;
		};
		1F55A9FF2CEC928B00DEA6DF /* Build configuration list for PBXNativeTarget "news-feed" */ = {
			isa = XCConfigurationList;
			buildConfigurations = (
				1F55AA002CEC928B00DEA6DF /* Debug */,
				1F55AA012CEC928B00DEA6DF /* Release */,
			);
			defaultConfigurationIsVisible = 0;
			defaultConfigurationName = Release;
		};
/* End XCConfigurationList section */

/* Begin XCRemoteSwiftPackageReference section */
		1FA14C932CF0A33E001C5949 /* XCRemoteSwiftPackageReference "SDWebImage" */ = {
			isa = XCRemoteSwiftPackageReference;
			repositoryURL = "https://github.com/SDWebImage/SDWebImage.git";
			requirement = {
				kind = upToNextMajorVersion;
				minimumVersion = 5.20.0;
			};
		};
/* End XCRemoteSwiftPackageReference section */

/* Begin XCSwiftPackageProductDependency section */
		1FA14C942CF0A33E001C5949 /* SDWebImage */ = {
			isa = XCSwiftPackageProductDependency;
			package = 1FA14C932CF0A33E001C5949 /* XCRemoteSwiftPackageReference "SDWebImage" */;
			productName = SDWebImage;
		};
/* End XCSwiftPackageProductDependency section */
	};
	rootObject = 1F55A9E42CEC928900DEA6DF /* Project object */;
}
